<Solution>
  <Project Path="src/taggyManagement.API/taggyManagement.API.csproj" />
  <Project Path="src/taggyManagement.Application/taggyManagement.Application.csproj" />
  <Project Path="src/taggyManagement.Domain/taggyManagement.Domain.csproj" />
  <Project Path="src/taggyManagement.Infrastructure/taggyManagement.Infrastructure.csproj" />
</Solution>
